PODS:
  - BigInt (4.0.0)
  - SwiftProtobuf (1.5.0)
  - TrezorCrypto (0.0.9)

DEPENDENCIES:
  - BigInt
  - SwiftProtobuf (~> 1.0)
  - TrezorCrypto (~> 0.0.9)

SPEC REPOS:
  https://github.com/cocoapods/specs.git:
    - BigInt
    - SwiftProtobuf
    - TrezorCrypto

SPEC CHECKSUMS:
  BigInt: 2aad1a9942dc932ec8b84290d2c564a3d76f97ab
  SwiftProtobuf: 241400280f912735c1e1b9fe675fdd2c6c4d42e2
  TrezorCrypto: bfeea47a052dca2c77d4a39e1e183865e52de14d

PODFILE CHECKSUM: ee022c3416c224e514f23acf6cdb08cffa9071c7

COCOAPODS: 1.7.1
